
Microsoft Visual Studio Solution File, Format Version 12.00
# Visual Studio Version 17
VisualStudioVersion = 17.7.34221.43
MinimumVisualStudioVersion = 10.0.40219.1
Project("{FAE04EC0-301F-11D3-BF4B-00C04F79EFBC}") = "AllUpHomeWork", "AllUpHomeWork\AllUpHomeWork.csproj", "{ED3AC6CB-9E8A-446A-A94A-BE84F9D68B92}"
EndProject
Global
	GlobalSection(SolutionConfigurationPlatforms) = preSolution
		Debug|Any CPU = Debug|Any CPU
		Release|Any CPU = Release|Any CPU
	EndGlobalSection
	GlobalSection(ProjectConfigurationPlatforms) = postSolution
		{ED3AC6CB-9E8A-446A-A94A-BE84F9D68B92}.Debug|Any CPU.ActiveCfg = Debug|Any CPU
		{ED3AC6CB-9E8A-446A-A94A-BE84F9D68B92}.Debug|Any CPU.Build.0 = Debug|Any CPU
		{ED3AC6CB-9E8A-446A-A94A-BE84F9D68B92}.Release|Any CPU.ActiveCfg = Release|Any CPU
		{ED3AC6CB-9E8A-446A-A94A-BE84F9D68B92}.Release|Any CPU.Build.0 = Release|Any CPU
	EndGlobalSection
	GlobalSection(SolutionProperties) = preSolution
		HideSolutionNode = FALSE
	EndGlobalSection
	GlobalSection(ExtensibilityGlobals) = postSolution
		SolutionGuid = {5936A7ED-853E-4C0B-B87C-A9F419AED9D3}
	EndGlobalSection
EndGlobal
